github.com/AccentDesign/gcss v0.1.0 h1:06cOYDRdMw5pf1RAh3ij7qDeu539VKauZLhtqhMIuFs=
github.com/AccentDesign/gcss v0.1.0/go.mod h1:YTiqLmvzlpz9ys15LKrlLy6mzvIrhMEOtEhRl68xNa4=
github.com/AccentDesign/gcss v0.1.1 h1:pzzibhTLA6tlM9oWzzdPGwQGXbmZgo4tpVUAiou6vnU=
github.com/AccentDesign/gcss v0.1.1/go.mod h1:YTiqLmvzlpz9ys15LKrlLy6mzvIrhMEOtEhRl68xNa4=
